
Microsoft Visual Studio Solution File, Format Version 12.00
# Visual Studio Version 17
VisualStudioVersion = 17.13.35931.197 d17.13
MinimumVisualStudioVersion = 10.0.40219.1
Project("{888888A0-9F3D-457C-B088-3A5042F75D52}") = "BotTraining", "BotTraining.pyproj", "{EDFF918E-CAF5-448D-970B-24E4E527766C}"
EndProject
Global
	GlobalSection(SolutionConfigurationPlatforms) = preSolution
		Debug|Any CPU = Debug|Any CPU
		Release|Any CPU = Release|Any CPU
	EndGlobalSection
	GlobalSection(ProjectConfigurationPlatforms) = postSolution
		{EDFF918E-CAF5-448D-970B-24E4E527766C}.Debug|Any CPU.ActiveCfg = Debug|Any CPU
		{EDFF918E-CAF5-448D-970B-24E4E527766C}.Release|Any CPU.ActiveCfg = Release|Any CPU
	EndGlobalSection
	GlobalSection(SolutionProperties) = preSolution
		HideSolutionNode = FALSE
	EndGlobalSection
	GlobalSection(ExtensibilityGlobals) = postSolution
		SolutionGuid = {D6D74ED7-C756-45E5-A60B-1F67D08B236F}
	EndGlobalSection
EndGlobal
